
Microsoft Visual Studio Solution File, Format Version 12.00
# Visual Studio 15
Project("{FAE04EC0-301F-11D3-BF4B-00C04F79EFBC}") = "Assembly-CSharp", "Assembly-CSharp.csproj", "{F16D54D5-0608-F159-DF5D-C2C8D32FB480}"
EndProject
Project("{FAE04EC0-301F-11D3-BF4B-00C04F79EFBC}") = "Assembly-CSharp-Editor", "Assembly-CSharp-Editor.csproj", "{349814F9-0330-C2CE-E71A-EB35A09E944C}"
EndProject
Global
	GlobalSection(SolutionConfigurationPlatforms) = preSolution
		Debug|Any CPU = Debug|Any CPU
		Release|Any CPU = Release|Any CPU
	EndGlobalSection
	GlobalSection(ProjectConfigurationPlatforms) = postSolution
		{F16D54D5-0608-F159-DF5D-C2C8D32FB480}.Debug|Any CPU.ActiveCfg = Debug|Any CPU
		{F16D54D5-0608-F159-DF5D-C2C8D32FB480}.Debug|Any CPU.Build.0 = Debug|Any CPU
		{F16D54D5-0608-F159-DF5D-C2C8D32FB480}.Release|Any CPU.ActiveCfg = Release|Any CPU
		{F16D54D5-0608-F159-DF5D-C2C8D32FB480}.Release|Any CPU.Build.0 = Release|Any CPU
		{349814F9-0330-C2CE-E71A-EB35A09E944C}.Debug|Any CPU.ActiveCfg = Debug|Any CPU
		{349814F9-0330-C2CE-E71A-EB35A09E944C}.Debug|Any CPU.Build.0 = Debug|Any CPU
		{349814F9-0330-C2CE-E71A-EB35A09E944C}.Release|Any CPU.ActiveCfg = Release|Any CPU
		{349814F9-0330-C2CE-E71A-EB35A09E944C}.Release|Any CPU.Build.0 = Release|Any CPU
	EndGlobalSection
	GlobalSection(SolutionProperties) = preSolution
		HideSolutionNode = FALSE
	EndGlobalSection
EndGlobal
